{
  "requires": true,
  "lockfileVersion": 1,
  "dependencies": {
    "@types/node": {
      "version": "14.11.7",
      "resolved": "https://registry.npmjs.org/@types/node/-/node-14.11.7.tgz",
      "integrity": "sha512-hSEXknS4KiayUdZ7401J/T6eykXHJkDEipnyQMJ4/GstK4kWjbHnwXlcpvIWfPKiEH1JU96DkbzJ1nHRmpmKLw=="
    }
  }
}
